
Microsoft Visual Studio Solution File, Format Version 12.00
# Visual Studio Version 17
VisualStudioVersion = 17.3.32922.545
MinimumVisualStudioVersion = 10.0.40219.1
Project("{9A19103F-16F7-4668-BE54-9A1E7A4F7556}") = "assignment3testing", "assignment3testing.csproj", "{02770FD8-5D57-42D8-80EF-5DE670060909}"
EndProject
Project("{FAE04EC0-301F-11D3-BF4B-00C04F79EFBC}") = "assignment3testing.tests", "..\assignment3testing.tests\assignment3testing.tests.csproj", "{BC7A93FD-74AF-49C4-BD41-8EE435824548}"
EndProject
Global
	GlobalSection(SolutionConfigurationPlatforms) = preSolution
		Debug|Any CPU = Debug|Any CPU
		Release|Any CPU = Release|Any CPU
	EndGlobalSection
	GlobalSection(ProjectConfigurationPlatforms) = postSolution
		{02770FD8-5D57-42D8-80EF-5DE670060909}.Debug|Any CPU.ActiveCfg = Debug|Any CPU
		{02770FD8-5D57-42D8-80EF-5DE670060909}.Debug|Any CPU.Build.0 = Debug|Any CPU
		{02770FD8-5D57-42D8-80EF-5DE670060909}.Release|Any CPU.ActiveCfg = Release|Any CPU
		{02770FD8-5D57-42D8-80EF-5DE670060909}.Release|Any CPU.Build.0 = Release|Any CPU
		{BC7A93FD-74AF-49C4-BD41-8EE435824548}.Debug|Any CPU.ActiveCfg = Debug|Any CPU
		{BC7A93FD-74AF-49C4-BD41-8EE435824548}.Debug|Any CPU.Build.0 = Debug|Any CPU
		{BC7A93FD-74AF-49C4-BD41-8EE435824548}.Release|Any CPU.ActiveCfg = Release|Any CPU
		{BC7A93FD-74AF-49C4-BD41-8EE435824548}.Release|Any CPU.Build.0 = Release|Any CPU
	EndGlobalSection
	GlobalSection(SolutionProperties) = preSolution
		HideSolutionNode = FALSE
	EndGlobalSection
	GlobalSection(ExtensibilityGlobals) = postSolution
		SolutionGuid = {77B45008-E318-48A2-AAEC-CA773E10188B}
	EndGlobalSection
EndGlobal
